{
  "name": "S75-0126-EndPoint-Full-stack-with-Nextjs-PostgreSQL-Prisma-Redis-Docker-AWS-Azure-GitHub-Actions",
  "lockfileVersion": 3,
  "requires": true,
  "packages": {
    "": {
      "dependencies": {
        "@prisma/adapter-pg": "^7.2.0",
        "@prisma/client": "^6.19.2"
      },
      "devDependencies": {
        "prisma": "^6.19.2"
      }
    },
    "node_modules/@prisma/adapter-pg": {
      "version": "7.2.0",
      "resolved": "https://registry.npmjs.org/@prisma/adapter-pg/-/adapter-pg-7.2.0.tgz",
      "integrity": "sha512-8SdsLPhKRjG8WA1WS3/fj02D5kGRJ1AYr5wdR9ycJlEUCcRpNrL0Q60m+0n/7JloV1Q8H8Jc0TyehHDy8/8Rqg==",
      "devOptional": true,
      "peerDependencies": {
        "pg": "^8.11.3"
      }
    },
    "node_modules/@prisma/client": {
      "version": "6.19.2",
      "resolved": "https://registry.npmjs.org/@prisma/client/-/client-6.19.2.tgz",
      "integrity": "sha512-tJ6KnxIv5Lt4Ta83sGH0YswrLCv3Eju+8DVvLpHIe7BK2H7HSkeVfn2kd0z8uAMJWDjcxeWWupN0yUGftvMGNA==",
      "hasInstallScript": true,
      "engines": {
        "node": ">=18.18"
      },
      "peerDependencies": {
        "prisma": "*"
      },
      "peerDependenciesMeta": {
        "prisma": {
          "optional": true
        }
      }
    },
    "node_modules/prisma": {
      "version": "6.19.2",
      "resolved": "https://registry.npmjs.org/prisma/-/prisma-6.19.2.tgz",
      "integrity": "sha512-zfoYrvynN7hYvruvmLE3JPUtnWC4ciFhTa73Pd2YvTZ5mgpTMNJG+YkB+5M0C6nf2GI1AJWGsnMcWrYg6iQw7A==",
      "devOptional": true,
      "hasInstallScript": true,
      "bin": {
        "prisma": "build/index.js"
      },
      "engines": {
        "node": ">=18.18"
      },
      "optionalDependencies": {
        "@prisma/adapter-pg": "7.2.0",
        "@prisma/debug": "6.19.2",
        "@prisma/engines": "6.19.2",
        "@prisma/engines-version": "6.19.2-1.67ab257a5d406bc88f3ecb6aea03b1f820a5e3e6",
        "@prisma/fetch-engine": "6.19.2",
        "@prisma/get-platform": "6.19.2",
        "fsevents": "2.3.3"
      }
    }
  }
}